
Microsoft Visual Studio Solution File, Format Version 12.00
# Visual Studio Version 16
VisualStudioVersion = 16.0.31313.79
MinimumVisualStudioVersion = 10.0.40219.1
Project("{9A19103F-16F7-4668-BE54-9A1E7A4F7556}") = "ProductApi", "ProductApi\ProductApi.csproj", "{1E30F57E-4BF6-480C-ABC3-8859362A402F}"
EndProject
Project("{FAE04EC0-301F-11D3-BF4B-00C04F79EFBC}") = "AuthApi", "AuthApi\AuthApi.csproj", "{9CCB56D3-9497-4D4E-8A78-F72F70496CD2}"
EndProject
Global
	GlobalSection(SolutionConfigurationPlatforms) = preSolution
		Debug|Any CPU = Debug|Any CPU
		Release|Any CPU = Release|Any CPU
	EndGlobalSection
	GlobalSection(ProjectConfigurationPlatforms) = postSolution
		{1E30F57E-4BF6-480C-ABC3-8859362A402F}.Debug|Any CPU.ActiveCfg = Debug|Any CPU
		{1E30F57E-4BF6-480C-ABC3-8859362A402F}.Debug|Any CPU.Build.0 = Debug|Any CPU
		{1E30F57E-4BF6-480C-ABC3-8859362A402F}.Release|Any CPU.ActiveCfg = Release|Any CPU
		{1E30F57E-4BF6-480C-ABC3-8859362A402F}.Release|Any CPU.Build.0 = Release|Any CPU
		{9CCB56D3-9497-4D4E-8A78-F72F70496CD2}.Debug|Any CPU.ActiveCfg = Debug|Any CPU
		{9CCB56D3-9497-4D4E-8A78-F72F70496CD2}.Debug|Any CPU.Build.0 = Debug|Any CPU
		{9CCB56D3-9497-4D4E-8A78-F72F70496CD2}.Release|Any CPU.ActiveCfg = Release|Any CPU
		{9CCB56D3-9497-4D4E-8A78-F72F70496CD2}.Release|Any CPU.Build.0 = Release|Any CPU
	EndGlobalSection
	GlobalSection(SolutionProperties) = preSolution
		HideSolutionNode = FALSE
	EndGlobalSection
	GlobalSection(ExtensibilityGlobals) = postSolution
		SolutionGuid = {99B7CA74-2C3E-4D09-9F44-148711149ECC}
	EndGlobalSection
EndGlobal
